
Microsoft Visual Studio Solution File, Format Version 12.00
# Visual Studio Version 17
VisualStudioVersion = 17.4.33213.308
MinimumVisualStudioVersion = 10.0.40219.1
Project("{FAE04EC0-301F-11D3-BF4B-00C04F79EFBC}") = "FatimaHernandez", "FatimaHernandez\FatimaHernandez.csproj", "{AB39E2F8-2D36-446E-B363-34CBCE441FFA}"
EndProject
Global
	GlobalSection(SolutionConfigurationPlatforms) = preSolution
		Debug|Any CPU = Debug|Any CPU
		Release|Any CPU = Release|Any CPU
	EndGlobalSection
	GlobalSection(ProjectConfigurationPlatforms) = postSolution
		{AB39E2F8-2D36-446E-B363-34CBCE441FFA}.Debug|Any CPU.ActiveCfg = Debug|Any CPU
		{AB39E2F8-2D36-446E-B363-34CBCE441FFA}.Debug|Any CPU.Build.0 = Debug|Any CPU
		{AB39E2F8-2D36-446E-B363-34CBCE441FFA}.Release|Any CPU.ActiveCfg = Release|Any CPU
		{AB39E2F8-2D36-446E-B363-34CBCE441FFA}.Release|Any CPU.Build.0 = Release|Any CPU
	EndGlobalSection
	GlobalSection(SolutionProperties) = preSolution
		HideSolutionNode = FALSE
	EndGlobalSection
	GlobalSection(ExtensibilityGlobals) = postSolution
		SolutionGuid = {F116C415-9C18-4157-8D1A-F11B9B38C1C9}
	EndGlobalSection
EndGlobal
